
Microsoft Visual Studio Solution File, Format Version 12.00
# Visual Studio Version 16
VisualStudioVersion = 16.0.31702.278
MinimumVisualStudioVersion = 10.0.40219.1
Project("{FAE04EC0-301F-11D3-BF4B-00C04F79EFBC}") = "Hwork15WpfApp", "Hwork15WpfApp\Hwork15WpfApp.csproj", "{B93619D2-F262-4147-B930-9716FDB58BE2}"
EndProject
Global
	GlobalSection(SolutionConfigurationPlatforms) = preSolution
		Debug|Any CPU = Debug|Any CPU
		Release|Any CPU = Release|Any CPU
	EndGlobalSection
	GlobalSection(ProjectConfigurationPlatforms) = postSolution
		{B93619D2-F262-4147-B930-9716FDB58BE2}.Debug|Any CPU.ActiveCfg = Debug|Any CPU
		{B93619D2-F262-4147-B930-9716FDB58BE2}.Debug|Any CPU.Build.0 = Debug|Any CPU
		{B93619D2-F262-4147-B930-9716FDB58BE2}.Release|Any CPU.ActiveCfg = Release|Any CPU
		{B93619D2-F262-4147-B930-9716FDB58BE2}.Release|Any CPU.Build.0 = Release|Any CPU
	EndGlobalSection
	GlobalSection(SolutionProperties) = preSolution
		HideSolutionNode = FALSE
	EndGlobalSection
	GlobalSection(ExtensibilityGlobals) = postSolution
		SolutionGuid = {BE95486B-5CC4-43DB-8AFB-2CB17C4B9724}
	EndGlobalSection
EndGlobal
